
Microsoft Visual Studio Solution File, Format Version 12.00
# Visual Studio 14
VisualStudioVersion = 14.0.25420.1
MinimumVisualStudioVersion = 10.0.40219.1
Project("{8BC9CEB8-8B4A-11D0-8D11-00A0C91BC942}") = "vnxview", "vnxview\vnxview.vcxproj", "{F714E1D8-8733-4D50-899E-EBD289904089}"
EndProject
Project("{8BC9CEB8-8B4A-11D0-8D11-00A0C91BC942}") = "vnxvideo", "src\vnxvideo.vcxproj", "{90AD970C-26A0-454E-BD23-2755F0C82D5A}"
EndProject
Project("{8BC9CEB8-8B4A-11D0-8D11-00A0C91BC942}") = "vnxvideotest", "vnxvideotest\vnxvideotest.vcxproj", "{161AF06D-68BE-4F97-987B-8B30B51B1A86}"
EndProject
Global
	GlobalSection(SolutionConfigurationPlatforms) = preSolution
		Debug|x64 = Debug|x64
		Release|x64 = Release|x64
	EndGlobalSection
	GlobalSection(ProjectConfigurationPlatforms) = postSolution
		{F714E1D8-8733-4D50-899E-EBD289904089}.Debug|x64.ActiveCfg = Debug|x64
		{F714E1D8-8733-4D50-899E-EBD289904089}.Debug|x64.Build.0 = Debug|x64
		{F714E1D8-8733-4D50-899E-EBD289904089}.Release|x64.ActiveCfg = Release|x64
		{F714E1D8-8733-4D50-899E-EBD289904089}.Release|x64.Build.0 = Release|x64
		{90AD970C-26A0-454E-BD23-2755F0C82D5A}.Debug|x64.ActiveCfg = Debug|x64
		{90AD970C-26A0-454E-BD23-2755F0C82D5A}.Debug|x64.Build.0 = Debug|x64
		{90AD970C-26A0-454E-BD23-2755F0C82D5A}.Release|x64.ActiveCfg = Release|x64
		{90AD970C-26A0-454E-BD23-2755F0C82D5A}.Release|x64.Build.0 = Release|x64
		{161AF06D-68BE-4F97-987B-8B30B51B1A86}.Debug|x64.ActiveCfg = Debug|x64
		{161AF06D-68BE-4F97-987B-8B30B51B1A86}.Debug|x64.Build.0 = Debug|x64
		{161AF06D-68BE-4F97-987B-8B30B51B1A86}.Release|x64.ActiveCfg = Release|x64
		{161AF06D-68BE-4F97-987B-8B30B51B1A86}.Release|x64.Build.0 = Release|x64
	EndGlobalSection
	GlobalSection(SolutionProperties) = preSolution
		HideSolutionNode = FALSE
	EndGlobalSection
EndGlobal
