<?xml version="1.0" encoding="utf-8"?>
<Project ToolsVersion="4.0" xmlns="http://schemas.microsoft.com/developer/msbuild/2003">
  <ItemGroup>
    <Filter Include="Source Files">
      <UniqueIdentifier>{4FC737F1-C7A5-4376-A066-2A32D752A2FF}</UniqueIdentifier>
      <Extensions>cpp;c;cc;cxx;def;odl;idl;hpj;bat;asm;asmx</Extensions>
    </Filter>
    <Filter Include="Header Files">
      <UniqueIdentifier>{93995380-89BD-4b04-88EB-625FBE52EBFB}</UniqueIdentifier>
      <Extensions>h;hh;hpp;hxx;hm;inl;inc;xsd</Extensions>
    </Filter>
    <Filter Include="Resource Files">
      <UniqueIdentifier>{67DA6AB6-F800-4c08-8B7A-83BB121AAD01}</UniqueIdentifier>
      <Extensions>rc;ico;cur;bmp;dlg;rc2;rct;bin;rgs;gif;jpg;jpeg;jpe;resx;tiff;tif;png;wav;mfcribbon-ms</Extensions>
    </Filter>
    <Filter Include="dshow">
      <UniqueIdentifier>{f31966a7-a903-4091-bd70-6a09a4bbe0eb}</UniqueIdentifier>
    </Filter>
  </ItemGroup>
  <ItemGroup>
    <ClCompile Include="dshow\DxCapture.cpp">
      <Filter>dshow</Filter>
    </ClCompile>
    <ClCompile Include="vnxvideo.cpp">
      <Filter>Source Files</Filter>
    </ClCompile>
    <ClCompile Include="Composer.cpp">
      <Filter>Source Files</Filter>
    </ClCompile>
    <ClCompile Include="FFmpegDecoderImpl.cpp">
      <Filter>Source Files</Filter>
    </ClCompile>
    <ClCompile Include="BufferCopy.cpp">
      <Filter>Source Files</Filter>
    </ClCompile>
    <ClCompile Include="CropResize.cpp">
      <Filter>Source Files</Filter>
    </ClCompile>
    <ClCompile Include="DewarpProjective.cpp">
      <Filter>Source Files</Filter>
    </ClCompile>
    <ClCompile Include="Renderer.cpp">
      <Filter>Source Files</Filter>
    </ClCompile>
    <ClCompile Include="dshow\VirtualCam.cpp">
      <Filter>dshow</Filter>
    </ClCompile>
    <ClCompile Include="dshow\VirtualCamRegister.cpp">
      <Filter>dshow</Filter>
    </ClCompile>
    <ClCompile Include="Allocator.cpp">
      <Filter>Source Files</Filter>
    </ClCompile>
    <ClCompile Include="LocalTransport.cpp">
      <Filter>Source Files</Filter>
    </ClCompile>
    <ClCompile Include="DisplayWin32.cpp">
      <Filter>Source Files</Filter>
    </ClCompile>
    <ClCompile Include="Win32Utils.cpp">
      <Filter>Source Files</Filter>
    </ClCompile>
    <ClCompile Include="Async.cpp">
      <Filter>Source Files</Filter>
    </ClCompile>
    <ClCompile Include="ippimpl.cpp">
      <Filter>Source Files</Filter>
    </ClCompile>
    <ClCompile Include="openh264EncoderImpl.cpp">
      <Filter>Source Files</Filter>
    </ClCompile>
    <ClCompile Include="AnalyticsBasic.cpp">
      <Filter>Source Files</Filter>
    </ClCompile>
    <ClCompile Include="FileVideoSource.cpp">
      <Filter>Source Files</Filter>
    </ClCompile>
    <ClCompile Include="openh264DecoderImpl.cpp">
      <Filter>Source Files</Filter>
    </ClCompile>
    <ClCompile Include="openh264Common.cpp">
      <Filter>Source Files</Filter>
    </ClCompile>
    <ClCompile Include="WrapCastMediaSource.cpp">
      <Filter>Source Files</Filter>
    </ClCompile>
    <ClCompile Include="Audio.cpp">
      <Filter>Source Files</Filter>
    </ClCompile>
    <ClCompile Include="FFmpegUtils.cpp">
      <Filter>Source Files</Filter>
    </ClCompile>
    <ClCompile Include="FFmpegEncoderImpl.cpp">
      <Filter>Source Files</Filter>
    </ClCompile>
    <ClCompile Include="RawProcChain.cpp">
      <Filter>Source Files</Filter>
    </ClCompile>
  </ItemGroup>
  <ItemGroup>
    <ClInclude Include="RawSample.h">
      <Filter>Source Files</Filter>
    </ClInclude>
    <ClInclude Include="GrayAnalyticsBase.h">
      <Filter>Source Files</Filter>
    </ClInclude>
    <ClInclude Include="dshow\VirtualCam.h">
      <Filter>dshow</Filter>
    </ClInclude>
    <ClInclude Include="resource.h">
      <Filter>Header Files</Filter>
    </ClInclude>
    <ClInclude Include="Win32Utils.h">
      <Filter>Source Files</Filter>
    </ClInclude>
    <ClInclude Include="vnxipp.h">
      <Filter>Header Files</Filter>
    </ClInclude>
    <ClInclude Include="..\include\vnxvideo\BufferImpl.h">
      <Filter>Header Files</Filter>
    </ClInclude>
    <ClInclude Include="..\include\vnxvideo\jget.h">
      <Filter>Header Files</Filter>
    </ClInclude>
    <ClInclude Include="..\include\vnxvideo\vnxvideo.h">
      <Filter>Header Files</Filter>
    </ClInclude>
    <ClInclude Include="..\include\vnxvideo\vnxvideoimpl.h">
      <Filter>Header Files</Filter>
    </ClInclude>
    <ClInclude Include="..\include\vnxvideo\vnxvideologimpl.h">
      <Filter>Header Files</Filter>
    </ClInclude>
    <ClInclude Include="openh264Common.h">
      <Filter>Source Files</Filter>
    </ClInclude>
    <ClInclude Include="..\include\vnxvideo\VmsChannelSelector.h">
      <Filter>Header Files</Filter>
    </ClInclude>
    <ClInclude Include="FFmpegUtils.h">
      <Filter>Source Files</Filter>
    </ClInclude>
  </ItemGroup>
  <ItemGroup>
    <None Include="vnxvideo.def">
      <Filter>Source Files</Filter>
    </None>
    <None Include="packages.config" />
  </ItemGroup>
  <ItemGroup>
    <ResourceCompile Include="vnxvideo.rc">
      <Filter>Resource Files</Filter>
    </ResourceCompile>
  </ItemGroup>
  <ItemGroup>
    <Image Include="viinex.ico">
      <Filter>Resource Files</Filter>
    </Image>
  </ItemGroup>
</Project>